
Microsoft Visual Studio Solution File, Format Version 12.00
# Visual Studio Version 16
VisualStudioVersion = 16.0.30128.74
MinimumVisualStudioVersion = 10.0.40219.1
Project("{8BC9CEB8-8B4A-11D0-8D11-00A0C91BC942}") = "lr2", "lr2.vcxproj", "{606F46BE-3A4A-430D-ABA9-38545C2085EA}"
EndProject
Global
	GlobalSection(SolutionConfigurationPlatforms) = preSolution
		Debug|x64 = Debug|x64
		Debug|x86 = Debug|x86
		Release|x64 = Release|x64
		Release|x86 = Release|x86
	EndGlobalSection
	GlobalSection(ProjectConfigurationPlatforms) = postSolution
		{606F46BE-3A4A-430D-ABA9-38545C2085EA}.Debug|x64.ActiveCfg = Debug|x64
		{606F46BE-3A4A-430D-ABA9-38545C2085EA}.Debug|x64.Build.0 = Debug|x64
		{606F46BE-3A4A-430D-ABA9-38545C2085EA}.Debug|x86.ActiveCfg = Debug|Win32
		{606F46BE-3A4A-430D-ABA9-38545C2085EA}.Debug|x86.Build.0 = Debug|Win32
		{606F46BE-3A4A-430D-ABA9-38545C2085EA}.Release|x64.ActiveCfg = Release|x64
		{606F46BE-3A4A-430D-ABA9-38545C2085EA}.Release|x64.Build.0 = Release|x64
		{606F46BE-3A4A-430D-ABA9-38545C2085EA}.Release|x86.ActiveCfg = Release|Win32
		{606F46BE-3A4A-430D-ABA9-38545C2085EA}.Release|x86.Build.0 = Release|Win32
	EndGlobalSection
	GlobalSection(SolutionProperties) = preSolution
		HideSolutionNode = FALSE
	EndGlobalSection
	GlobalSection(ExtensibilityGlobals) = postSolution
		SolutionGuid = {A7AE6D77-0519-44BB-B0C0-AF2E62BAE95F}
	EndGlobalSection
EndGlobal
